// !$*UTF8*$!
{
	archiveVersion = 1;
	classes = {
	};
	objectVersion = 52;
	objects = {

/* Begin PBXBuildFile section */
		A90A7756252FE48C0072A13A /* AppDelegate.swift in Sources */ = {isa = PBXBuildFile; fileRef = A90A7755252FE48C0072A13A /* AppDelegate.swift */; };
		A90A7758252FE48C0072A13A /* SceneDelegate.swift in Sources */ = {isa = PBXBuildFile; fileRef = A90A7757252FE48C0072A13A /* SceneDelegate.swift */; };
		A90A775A252FE48C0072A13A /* ViewController.swift in Sources */ = {isa = PBXBuildFile; fileRef = A90A7759252FE48C0072A13A /* ViewController.swift */; };
		A90A775F252FE48F0072A13A /* Assets.xcassets in Resources */ = {isa = PBXBuildFile; fileRef = A90A775E252FE48F0072A13A /* Assets.xcassets */; };
		A90A7762252FE48F0072A13A /* LaunchScreen.storyboard in Resources */ = {isa = PBXBuildFile; fileRef = A90A7760252FE48F0072A13A /* LaunchScreen.storyboard */; };
		A90A776C252FE4CD0072A13A /* KeyboardPackage in Frameworks */ = {isa = PBXBuildFile; productRef = A90A776B252FE4CD0072A13A /* KeyboardPackage */; };
		A90A7770252FE5210072A13A /* Main.storyboard in Resources */ = {isa = PBXBuildFile; fileRef = A90A776F252FE5210072A13A /* Main.storyboard */; };
/* End PBXBuildFile section */

/* Begin PBXFileReference section */
		A90A7752252FE48C0072A13A /* KeyboardUIKitAppUsingPackage.app */ = {isa = PBXFileReference; explicitFileType = wrapper.application; includeInIndex = 0; path = KeyboardUIKitAppUsingPackage.app; sourceTree = BUILT_PRODUCTS_DIR; };
		A90A7755252FE48C0072A13A /* AppDelegate.swift */ = {isa = PBXFileReference; lastKnownFileType = sourcecode.swift; path = AppDelegate.swift; sourceTree = "<group>"; };
		A90A7757252FE48C0072A13A /* SceneDelegate.swift */ = {isa = PBXFileReference; lastKnownFileType = sourcecode.swift; path = SceneDelegate.swift; sourceTree = "<group>"; };
		A90A7759252FE48C0072A13A /* ViewController.swift */ = {isa = PBXFileReference; lastKnownFileType = sourcecode.swift; path = ViewController.swift; sourceTree = "<group>"; };
		A90A775E252FE48F0072A13A /* Assets.xcassets */ = {isa = PBXFileReference; lastKnownFileType = folder.assetcatalog; path = Assets.xcassets; sourceTree = "<group>"; };
		A90A7761252FE48F0072A13A /* Base */ = {isa = PBXFileReference; lastKnownFileType = file.storyboard; name = Base; path = Base.lproj/LaunchScreen.storyboard; sourceTree = "<group>"; };
		A90A7763252FE48F0072A13A /* Info.plist */ = {isa = PBXFileReference; lastKnownFileType = text.plist.xml; path = Info.plist; sourceTree = "<group>"; };
		A90A776F252FE5210072A13A /* Main.storyboard */ = {isa = PBXFileReference; fileEncoding = 4; lastKnownFileType = file.storyboard; path = Main.storyboard; sourceTree = "<group>"; };
/* End PBXFileReference section */

/* Begin PBXFrameworksBuildPhase section */
		A90A774F252FE48C0072A13A /* Frameworks */ = {
			isa = PBXFrameworksBuildPhase;
			buildActionMask = 2147483647;
			files = (
				A90A776C252FE4CD0072A13A /* KeyboardPackage in Frameworks */,
			);
			runOnlyForDeploymentPostprocessing = 0;
		};
/* End PBXFrameworksBuildPhase section */

/* Begin PBXGroup section */
		A90A7749252FE48C0072A13A = {
			isa = PBXGroup;
			children = (
				A90A7754252FE48C0072A13A /* KeyboardUIKitAppUsingPackage */,
				A90A7753252FE48C0072A13A /* Products */,
			);
			sourceTree = "<group>";
		};
		A90A7753252FE48C0072A13A /* Products */ = {
			isa = PBXGroup;
			children = (
				A90A7752252FE48C0072A13A /* KeyboardUIKitAppUsingPackage.app */,
			);
			name = Products;
			sourceTree = "<group>";
		};
		A90A7754252FE48C0072A13A /* KeyboardUIKitAppUsingPackage */ = {
			isa = PBXGroup;
			children = (
				A90A7755252FE48C0072A13A /* AppDelegate.swift */,
				A90A7757252FE48C0072A13A /* SceneDelegate.swift */,
				A90A7759252FE48C0072A13A /* ViewController.swift */,
				A90A776F252FE5210072A13A /* Main.storyboard */,
				A90A775E252FE48F0072A13A /* Assets.xcassets */,
				A90A7760252FE48F0072A13A /* LaunchScreen.storyboard */,
				A90A7763252FE48F0072A13A /* Info.plist */,
			);
			path = KeyboardUIKitAppUsingPackage;
			sourceTree = "<group>";
		};
/* End PBXGroup section */

/* Begin PBXNativeTarget section */
		A90A7751252FE48C0072A13A /* KeyboardUIKitAppUsingPackage */ = {
			isa = PBXNativeTarget;
			buildConfigurationList = A90A7766252FE48F0072A13A /* Build configuration list for PBXNativeTarget "KeyboardUIKitAppUsingPackage" */;
			buildPhases = (
				A90A774E252FE48C0072A13A /* Sources */,
				A90A774F252FE48C0072A13A /* Frameworks */,
				A90A7750252FE48C0072A13A /* Resources */,
			);
			buildRules = (
			);
			dependencies = (
			);
			name = KeyboardUIKitAppUsingPackage;
			packageProductDependencies = (
				A90A776B252FE4CD0072A13A /* KeyboardPackage */,
			);
			productName = KeyboardUIKitAppUsingPackage;
			productReference = A90A7752252FE48C0072A13A /* KeyboardUIKitAppUsingPackage.app */;
			productType = "com.apple.product-type.application";
		};
/* End PBXNativeTarget section */

/* Begin PBXProject section */
		A90A774A252FE48C0072A13A /* Project object */ = {
			isa = PBXProject;
			attributes = {
				LastSwiftUpdateCheck = 1200;
				LastUpgradeCheck = 1200;
				TargetAttributes = {
					A90A7751252FE48C0072A13A = {
						CreatedOnToolsVersion = 12.0.1;
					};
				};
			};
			buildConfigurationList = A90A774D252FE48C0072A13A /* Build configuration list for PBXProject "KeyboardUIKitAppUsingPackage" */;
			compatibilityVersion = "Xcode 9.3";
			developmentRegion = en;
			hasScannedForEncodings = 0;
			knownRegions = (
				en,
				Base,
			);
			mainGroup = A90A7749252FE48C0072A13A;
			packageReferences = (
				A90A776A252FE4CD0072A13A /* XCRemoteSwiftPackageReference "KeyboardPackage" */,
			);
			productRefGroup = A90A7753252FE48C0072A13A /* Products */;
			projectDirPath = "";
			projectRoot = "";
			targets = (
				A90A7751252FE48C0072A13A /* KeyboardUIKitAppUsingPackage */,
			);
		};
/* End PBXProject section */

/* Begin PBXResourcesBuildPhase section */
		A90A7750252FE48C0072A13A /* Resources */ = {
			isa = PBXResourcesBuildPhase;
			buildActionMask = 2147483647;
			files = (
				A90A7770252FE5210072A13A /* Main.storyboard in Resources */,
				A90A7762252FE48F0072A13A /* LaunchScreen.storyboard in Resources */,
				A90A775F252FE48F0072A13A /* Assets.xcassets in Resources */,
			);
			runOnlyForDeploymentPostprocessing = 0;
		};
/* End PBXResourcesBuildPhase section */

/* Begin PBXSourcesBuildPhase section */
		A90A774E252FE48C0072A13A /* Sources */ = {
			isa = PBXSourcesBuildPhase;
			buildActionMask = 2147483647;
			files = (
				A90A775A252FE48C0072A13A /* ViewController.swift in Sources */,
				A90A7756252FE48C0072A13A /* AppDelegate.swift in Sources */,
				A90A7758252FE48C0072A13A /* SceneDelegate.swift in Sources */,
			);
			runOnlyForDeploymentPostprocessing = 0;
		};
/* End PBXSourcesBuildPhase section */

/* Begin PBXVariantGroup section */
		A90A7760252FE48F0072A13A /* LaunchScreen.storyboard */ = {
			isa = PBXVariantGroup;
			children = (
				A90A7761252FE48F0072A13A /* Base */,
			);
			name = LaunchScreen.storyboard;
			sourceTree = "<group>";
		};
/* End PBXVariantGroup section */

/* Begin XCBuildConfiguration section */
		A90A7764252FE48F0072A13A /* Debug */ = {
			isa = XCBuildConfiguration;
			buildSettings = {
				ALWAYS_SEARCH_USER_PATHS = NO;
				CLANG_ANALYZER_NONNULL = YES;
				CLANG_ANALYZER_NUMBER_OBJECT_CONVERSION = YES_AGGRESSIVE;
				CLANG_CXX_LANGUAGE_STANDARD = "gnu++14";
				CLANG_CXX_LIBRARY = "libc++";
				CLANG_ENABLE_MODULES = YES;
				CLANG_ENABLE_OBJC_ARC = YES;
				CLANG_ENABLE_OBJC_WEAK = YES;
				CLANG_WARN_BLOCK_CAPTURE_AUTORELEASING = YES;
				CLANG_WARN_BOOL_CONVERSION = YES;
				CLANG_WARN_COMMA = YES;
				CLANG_WARN_CONSTANT_CONVERSION = YES;
				CLANG_WARN_DEPRECATED_OBJC_IMPLEMENTATIONS = YES;
				CLANG_WARN_DIRECT_OBJC_ISA_USAGE = YES_ERROR;
				CLANG_WARN_DOCUMENTATION_COMMENTS = YES;
				CLANG_WARN_EMPTY_BODY = YES;
				CLANG_WARN_ENUM_CONVERSION = YES;
				CLANG_WARN_INFINITE_RECURSION = YES;
				CLANG_WARN_INT_CONVERSION = YES;
				CLANG_WARN_NON_LITERAL_NULL_CONVERSION = YES;
				CLANG_WARN_OBJC_IMPLICIT_RETAIN_SELF = YES;
				CLANG_WARN_OBJC_LITERAL_CONVERSION = YES;
				CLANG_WARN_OBJC_ROOT_CLASS = YES_ERROR;
				CLANG_WARN_QUOTED_INCLUDE_IN_FRAMEWORK_HEADER = YES;
				CLANG_WARN_RANGE_LOOP_ANALYSIS = YES;
				CLANG_WARN_STRICT_PROTOTYPES = YES;
				CLANG_WARN_SUSPICIOUS_MOVE = YES;
				CLANG_WARN_UNGUARDED_AVAILABILITY = YES_AGGRESSIVE;
				CLANG_WARN_UNREACHABLE_CODE = YES;
				CLANG_WARN__DUPLICATE_METHOD_MATCH = YES;
				COPY_PHASE_STRIP = NO;
				DEBUG_INFORMATION_FORMAT = dwarf;
				ENABLE_STRICT_OBJC_MSGSEND = YES;
				ENABLE_TESTABILITY = YES;
				GCC_C_LANGUAGE_STANDARD = gnu11;
				GCC_DYNAMIC_NO_PIC = NO;
				GCC_NO_COMMON_BLOCKS = YES;
				GCC_OPTIMIZATION_LEVEL = 0;
				GCC_PREPROCESSOR_DEFINITIONS = (
					"DEBUG=1",
					"$(inherited)",
				);
				GCC_WARN_64_TO_32_BIT_CONVERSION = YES;
				GCC_WARN_ABOUT_RETURN_TYPE = YES_ERROR;
				GCC_WARN_UNDECLARED_SELECTOR = YES;
				GCC_WARN_UNINITIALIZED_AUTOS = YES_AGGRESSIVE;
				GCC_WARN_UNUSED_FUNCTION = YES;
				GCC_WARN_UNUSED_VARIABLE = YES;
				IPHONEOS_DEPLOYMENT_TARGET = 14.0;
				MTL_ENABLE_DEBUG_INFO = INCLUDE_SOURCE;
				MTL_FAST_MATH = YES;
				ONLY_ACTIVE_ARCH = YES;
				SDKROOT = iphoneos;
				SWIFT_ACTIVE_COMPILATION_CONDITIONS = DEBUG;
				SWIFT_OPTIMIZATION_LEVEL = "-Onone";
			};
			name = Debug;
		};
		A90A7765252FE48F0072A13A /* Release */ = {
			isa = XCBuildConfiguration;
			buildSettings = {
				ALWAYS_SEARCH_USER_PATHS = NO;
				CLANG_ANALYZER_NONNULL = YES;
				CLANG_ANALYZER_NUMBER_OBJECT_CONVERSION = YES_AGGRESSIVE;
				CLANG_CXX_LANGUAGE_STANDARD = "gnu++14";
				CLANG_CXX_LIBRARY = "libc++";
				CLANG_ENABLE_MODULES = YES;
				CLANG_ENABLE_OBJC_ARC = YES;
				CLANG_ENABLE_OBJC_WEAK = YES;
				CLANG_WARN_BLOCK_CAPTURE_AUTORELEASING = YES;
				CLANG_WARN_BOOL_CONVERSION = YES;
				CLANG_WARN_COMMA = YES;
				CLANG_WARN_CONSTANT_CONVERSION = YES;
				CLANG_WARN_DEPRECATED_OBJC_IMPLEMENTATIONS = YES;
				CLANG_WARN_DIRECT_OBJC_ISA_USAGE = YES_ERROR;
				CLANG_WARN_DOCUMENTATION_COMMENTS = YES;
				CLANG_WARN_EMPTY_BODY = YES;
				CLANG_WARN_ENUM_CONVERSION = YES;
				CLANG_WARN_INFINITE_RECURSION = YES;
				CLANG_WARN_INT_CONVERSION = YES;
				CLANG_WARN_NON_LITERAL_NULL_CONVERSION = YES;
				CLANG_WARN_OBJC_IMPLICIT_RETAIN_SELF = YES;
				CLANG_WARN_OBJC_LITERAL_CONVERSION = YES;
				CLANG_WARN_OBJC_ROOT_CLASS = YES_ERROR;
				CLANG_WARN_QUOTED_INCLUDE_IN_FRAMEWORK_HEADER = YES;
				CLANG_WARN_RANGE_LOOP_ANALYSIS = YES;
				CLANG_WARN_STRICT_PROTOTYPES = YES;
				CLANG_WARN_SUSPICIOUS_MOVE = YES;
				CLANG_WARN_UNGUARDED_AVAILABILITY = YES_AGGRESSIVE;
				CLANG_WARN_UNREACHABLE_CODE = YES;
				CLANG_WARN__DUPLICATE_METHOD_MATCH = YES;
				COPY_PHASE_STRIP = NO;
				DEBUG_INFORMATION_FORMAT = "dwarf-with-dsym";
				ENABLE_NS_ASSERTIONS = NO;
				ENABLE_STRICT_OBJC_MSGSEND = YES;
				GCC_C_LANGUAGE_STANDARD = gnu11;
				GCC_NO_COMMON_BLOCKS = YES;
				GCC_WARN_64_TO_32_BIT_CONVERSION = YES;
				GCC_WARN_ABOUT_RETURN_TYPE = YES_ERROR;
				GCC_WARN_UNDECLARED_SELECTOR = YES;
				GCC_WARN_UNINITIALIZED_AUTOS = YES_AGGRESSIVE;
				GCC_WARN_UNUSED_FUNCTION = YES;
				GCC_WARN_UNUSED_VARIABLE = YES;
				IPHONEOS_DEPLOYMENT_TARGET = 14.0;
				MTL_ENABLE_DEBUG_INFO = NO;
				MTL_FAST_MATH = YES;
				SDKROOT = iphoneos;
				SWIFT_COMPILATION_MODE = wholemodule;
				SWIFT_OPTIMIZATION_LEVEL = "-O";
				VALIDATE_PRODUCT = YES;
			};
			name = Release;
		};
		A90A7767252FE48F0072A13A /* Debug */ = {
			isa = XCBuildConfiguration;
			buildSettings = {
				ASSETCATALOG_COMPILER_APPICON_NAME = AppIcon;
				ASSETCATALOG_COMPILER_GLOBAL_ACCENT_COLOR_NAME = AccentColor;
				CODE_SIGN_STYLE = Automatic;
				DEVELOPMENT_TEAM = M53XDDT297;
				INFOPLIST_FILE = KeyboardUIKitAppUsingPackage/Info.plist;
				LD_RUNPATH_SEARCH_PATHS = (
					"$(inherited)",
					"@executable_path/Frameworks",
				);
				PRODUCT_BUNDLE_IDENTIFIER = com.whm.KeyboardUIKitAppUsingPackage;
				PRODUCT_NAME = "$(TARGET_NAME)";
				SWIFT_VERSION = 5.0;
				TARGETED_DEVICE_FAMILY = "1,2";
			};
			name = Debug;
		};
		A90A7768252FE48F0072A13A /* Release */ = {
			isa = XCBuildConfiguration;
			buildSettings = {
				ASSETCATALOG_COMPILER_APPICON_NAME = AppIcon;
				ASSETCATALOG_COMPILER_GLOBAL_ACCENT_COLOR_NAME = AccentColor;
				CODE_SIGN_STYLE = Automatic;
				DEVELOPMENT_TEAM = M53XDDT297;
				INFOPLIST_FILE = KeyboardUIKitAppUsingPackage/Info.plist;
				LD_RUNPATH_SEARCH_PATHS = (
					"$(inherited)",
					"@executable_path/Frameworks",
				);
				PRODUCT_BUNDLE_IDENTIFIER = com.whm.KeyboardUIKitAppUsingPackage;
				PRODUCT_NAME = "$(TARGET_NAME)";
				SWIFT_VERSION = 5.0;
				TARGETED_DEVICE_FAMILY = "1,2";
			};
			name = Release;
		};
/* End XCBuildConfiguration section */

/* Begin XCConfigurationList section */
		A90A774D252FE48C0072A13A /* Build configuration list for PBXProject "KeyboardUIKitAppUsingPackage" */ = {
			isa = XCConfigurationList;
			buildConfigurations = (
				A90A7764252FE48F0072A13A /* Debug */,
				A90A7765252FE48F0072A13A /* Release */,
			);
			defaultConfigurationIsVisible = 0;
			defaultConfigurationName = Release;
		};
		A90A7766252FE48F0072A13A /* Build configuration list for PBXNativeTarget "KeyboardUIKitAppUsingPackage" */ = {
			isa = XCConfigurationList;
			buildConfigurations = (
				A90A7767252FE48F0072A13A /* Debug */,
				A90A7768252FE48F0072A13A /* Release */,
			);
			defaultConfigurationIsVisible = 0;
			defaultConfigurationName = Release;
		};
/* End XCConfigurationList section */

/* Begin XCRemoteSwiftPackageReference section */
		A90A776A252FE4CD0072A13A /* XCRemoteSwiftPackageReference "KeyboardPackage" */ = {
			isa = XCRemoteSwiftPackageReference;
			repositoryURL = "https://github.com/bill1m/KeyboardPackage.git";
			requirement = {
				kind = upToNextMajorVersion;
				minimumVersion = 1.0.0;
			};
		};
/* End XCRemoteSwiftPackageReference section */

/* Begin XCSwiftPackageProductDependency section */
		A90A776B252FE4CD0072A13A /* KeyboardPackage */ = {
			isa = XCSwiftPackageProductDependency;
			package = A90A776A252FE4CD0072A13A /* XCRemoteSwiftPackageReference "KeyboardPackage" */;
			productName = KeyboardPackage;
		};
/* End XCSwiftPackageProductDependency section */
	};
	rootObject = A90A774A252FE48C0072A13A /* Project object */;
}
